
Microsoft Visual Studio Solution File, Format Version 12.00
# Visual Studio Version 16
VisualStudioVersion = 16.0.29306.81
MinimumVisualStudioVersion = 10.0.40219.1
Project("{FAE04EC0-301F-11D3-BF4B-00C04F79EFBC}") = "WebApplication_Project", "WebApplication_Project\WebApplication_Project.csproj", "{19AE7C16-7DF3-487C-83D5-16F75446E682}"
EndProject
Global
	GlobalSection(SolutionConfigurationPlatforms) = preSolution
		Debug|Any CPU = Debug|Any CPU
		Release|Any CPU = Release|Any CPU
	EndGlobalSection
	GlobalSection(ProjectConfigurationPlatforms) = postSolution
		{19AE7C16-7DF3-487C-83D5-16F75446E682}.Debug|Any CPU.ActiveCfg = Debug|Any CPU
		{19AE7C16-7DF3-487C-83D5-16F75446E682}.Debug|Any CPU.Build.0 = Debug|Any CPU
		{19AE7C16-7DF3-487C-83D5-16F75446E682}.Release|Any CPU.ActiveCfg = Release|Any CPU
		{19AE7C16-7DF3-487C-83D5-16F75446E682}.Release|Any CPU.Build.0 = Release|Any CPU
	EndGlobalSection
	GlobalSection(SolutionProperties) = preSolution
		HideSolutionNode = FALSE
	EndGlobalSection
	GlobalSection(ExtensibilityGlobals) = postSolution
		SolutionGuid = {B363D24D-34F8-40E1-BF85-C62F7512D927}
	EndGlobalSection
EndGlobal
